
Microsoft Visual Studio Solution File, Format Version 12.00
# Visual Studio Version 16
VisualStudioVersion = 16.0.30523.141
MinimumVisualStudioVersion = 10.0.40219.1
Project("{FAE04EC0-301F-11D3-BF4B-00C04F79EFBC}") = "ShopingStoreSample", "ShopingStoreSample\ShopingStoreSample.csproj", "{35433285-B09A-4711-933C-8D452C11FE1E}"
EndProject
Global
	GlobalSection(SolutionConfigurationPlatforms) = preSolution
		Debug|Any CPU = Debug|Any CPU
		Release|Any CPU = Release|Any CPU
	EndGlobalSection
	GlobalSection(ProjectConfigurationPlatforms) = postSolution
		{35433285-B09A-4711-933C-8D452C11FE1E}.Debug|Any CPU.ActiveCfg = Debug|Any CPU
		{35433285-B09A-4711-933C-8D452C11FE1E}.Debug|Any CPU.Build.0 = Debug|Any CPU
		{35433285-B09A-4711-933C-8D452C11FE1E}.Release|Any CPU.ActiveCfg = Release|Any CPU
		{35433285-B09A-4711-933C-8D452C11FE1E}.Release|Any CPU.Build.0 = Release|Any CPU
	EndGlobalSection
	GlobalSection(SolutionProperties) = preSolution
		HideSolutionNode = FALSE
	EndGlobalSection
	GlobalSection(ExtensibilityGlobals) = postSolution
		SolutionGuid = {08FCF08E-1F75-479B-9F9B-889AB2C7A882}
	EndGlobalSection
EndGlobal
